
Microsoft Visual Studio Solution File, Format Version 12.00
# Visual Studio Version 17
VisualStudioVersion = 17.14.36414.22
MinimumVisualStudioVersion = 10.0.40219.1
Project("{2150E333-8FDC-42A3-9474-1A3956D46DE8}") = "Solution Items", "Solution Items", "{8EC462FD-D22E-90A8-E5CE-7E832BA40C5D}"
	ProjectSection(SolutionItems) = preProject
		ApplicationTable.sql = ApplicationTable.sql
		JobTable.sql = JobTable.sql
		roles_seeding.sql = roles_seeding.sql
		Database_Scripts\UserCreationScript.sql = Database_Scripts\UserCreationScript.sql
	EndProjectSection
EndProject
Project("{FAE04EC0-301F-11D3-BF4B-00C04F79EFBC}") = "JobManagement.Applicant.Data", "JobManagement.Applicant.Data\JobManagement.Applicant.Data.csproj", "{76CDF410-011A-4ED1-B951-AD0EEAB650D3}"
EndProject
Project("{FAE04EC0-301F-11D3-BF4B-00C04F79EFBC}") = "JobManagemnet.Auth", "JobManagemnet.Auth\JobManagemnet.Auth.csproj", "{B9BC8EFB-DAEC-4FFF-8EFA-02707E6FBD9E}"
EndProject
Project("{FAE04EC0-301F-11D3-BF4B-00C04F79EFBC}") = "JobManagement.Repositories", "JobManagement.Repositories\JobManagement.Repositories.csproj", "{F4F12C6C-FCE6-4066-921A-F8DDE11F8C86}"
EndProject
Project("{FAE04EC0-301F-11D3-BF4B-00C04F79EFBC}") = "JobManagement.Services", "JobManagement.Services\JobManagement.Services.csproj", "{C08BCE51-CF72-4220-AA56-CAD10B6F36FC}"
EndProject
Project("{FAE04EC0-301F-11D3-BF4B-00C04F79EFBC}") = "JobManagement", "JobManagement\JobManagement.csproj", "{EE625D10-59A1-4E7D-AA32-FC6479BD4F5B}"
EndProject
Global
	GlobalSection(SolutionConfigurationPlatforms) = preSolution
		Debug|Any CPU = Debug|Any CPU
		Release|Any CPU = Release|Any CPU
	EndGlobalSection
	GlobalSection(ProjectConfigurationPlatforms) = postSolution
		{76CDF410-011A-4ED1-B951-AD0EEAB650D3}.Debug|Any CPU.ActiveCfg = Debug|Any CPU
		{76CDF410-011A-4ED1-B951-AD0EEAB650D3}.Debug|Any CPU.Build.0 = Debug|Any CPU
		{76CDF410-011A-4ED1-B951-AD0EEAB650D3}.Release|Any CPU.ActiveCfg = Release|Any CPU
		{76CDF410-011A-4ED1-B951-AD0EEAB650D3}.Release|Any CPU.Build.0 = Release|Any CPU
		{B9BC8EFB-DAEC-4FFF-8EFA-02707E6FBD9E}.Debug|Any CPU.ActiveCfg = Debug|Any CPU
		{B9BC8EFB-DAEC-4FFF-8EFA-02707E6FBD9E}.Debug|Any CPU.Build.0 = Debug|Any CPU
		{B9BC8EFB-DAEC-4FFF-8EFA-02707E6FBD9E}.Release|Any CPU.ActiveCfg = Release|Any CPU
		{B9BC8EFB-DAEC-4FFF-8EFA-02707E6FBD9E}.Release|Any CPU.Build.0 = Release|Any CPU
		{F4F12C6C-FCE6-4066-921A-F8DDE11F8C86}.Debug|Any CPU.ActiveCfg = Debug|Any CPU
		{F4F12C6C-FCE6-4066-921A-F8DDE11F8C86}.Debug|Any CPU.Build.0 = Debug|Any CPU
		{F4F12C6C-FCE6-4066-921A-F8DDE11F8C86}.Release|Any CPU.ActiveCfg = Release|Any CPU
		{F4F12C6C-FCE6-4066-921A-F8DDE11F8C86}.Release|Any CPU.Build.0 = Release|Any CPU
		{C08BCE51-CF72-4220-AA56-CAD10B6F36FC}.Debug|Any CPU.ActiveCfg = Debug|Any CPU
		{C08BCE51-CF72-4220-AA56-CAD10B6F36FC}.Debug|Any CPU.Build.0 = Debug|Any CPU
		{C08BCE51-CF72-4220-AA56-CAD10B6F36FC}.Release|Any CPU.ActiveCfg = Release|Any CPU
		{C08BCE51-CF72-4220-AA56-CAD10B6F36FC}.Release|Any CPU.Build.0 = Release|Any CPU
		{EE625D10-59A1-4E7D-AA32-FC6479BD4F5B}.Debug|Any CPU.ActiveCfg = Debug|Any CPU
		{EE625D10-59A1-4E7D-AA32-FC6479BD4F5B}.Debug|Any CPU.Build.0 = Debug|Any CPU
		{EE625D10-59A1-4E7D-AA32-FC6479BD4F5B}.Release|Any CPU.ActiveCfg = Release|Any CPU
		{EE625D10-59A1-4E7D-AA32-FC6479BD4F5B}.Release|Any CPU.Build.0 = Release|Any CPU
	EndGlobalSection
	GlobalSection(SolutionProperties) = preSolution
		HideSolutionNode = FALSE
	EndGlobalSection
	GlobalSection(ExtensibilityGlobals) = postSolution
		SolutionGuid = {AB0C72FD-819C-434E-A8E1-060B19EBDC23}
	EndGlobalSection
EndGlobal
